
Microsoft Visual Studio Solution File, Format Version 12.00
# Visual Studio 15
VisualStudioVersion = 15.0.27004.2009
MinimumVisualStudioVersion = 10.0.40219.1
Project("{FAE04EC0-301F-11D3-BF4B-00C04F79EFBC}") = "EDiary", "EDiary\EDiary.csproj", "{B49E47C2-E7EA-4CE6-9A66-ABF71F41C7DC}"
EndProject
Global
	GlobalSection(SolutionConfigurationPlatforms) = preSolution
		Debug|Any CPU = Debug|Any CPU
		Release|Any CPU = Release|Any CPU
	EndGlobalSection
	GlobalSection(ProjectConfigurationPlatforms) = postSolution
		{B49E47C2-E7EA-4CE6-9A66-ABF71F41C7DC}.Debug|Any CPU.ActiveCfg = Debug|Any CPU
		{B49E47C2-E7EA-4CE6-9A66-ABF71F41C7DC}.Debug|Any CPU.Build.0 = Debug|Any CPU
		{B49E47C2-E7EA-4CE6-9A66-ABF71F41C7DC}.Release|Any CPU.ActiveCfg = Release|Any CPU
		{B49E47C2-E7EA-4CE6-9A66-ABF71F41C7DC}.Release|Any CPU.Build.0 = Release|Any CPU
	EndGlobalSection
	GlobalSection(SolutionProperties) = preSolution
		HideSolutionNode = FALSE
	EndGlobalSection
	GlobalSection(ExtensibilityGlobals) = postSolution
		SolutionGuid = {BFC9C2AB-2E79-4D18-9D4F-C58CFF292548}
	EndGlobalSection
EndGlobal
